PODS:
  - ZaptLocation-iOS-SDK (0.0.13)

DEPENDENCIES:
  - ZaptLocation-iOS-SDK (~> 0.0.13)

SPEC REPOS:
  trunk:
    - ZaptLocation-iOS-SDK

SPEC CHECKSUMS:
  ZaptLocation-iOS-SDK: 3ef9d40438918317079b7a4066967715c8612539

PODFILE CHECKSUM: 76d2617017a600949f5bff95b8a054992614874a

COCOAPODS: 1.16.2
